{
  "object": {
    "pins": [
      {
        "package": "ARVideoKit",
        "repositoryURL": "https://github.com/AFathi/ARVideoKit",
        "state": {
          "branch": null,
          "revision": "8eabd3193125812439ac82dc81bf99dc79886722",
          "version": "1.6.0"
        }
      },
      {
        "package": "EyeTrackKit",
        "repositoryURL": "git@github.com:ukitomato/EyeTrackKit.git",
        "state": {
          "branch": "master",
          "revision": "4abdba6757ad7657a1ff263536129fa39f00bd57",
          "version": null
        }
      },
      {
        "package": "Resolver",
        "repositoryURL": "https://github.com/hmlongco/Resolver",
        "state": {
          "branch": null,
          "revision": "cb5b4e1e60046120de87fee14af257e07ad74a62",
          "version": "1.1.4"
        }
      }
    ]
  },
  "version": 1
}
