{
  "object": {
    "pins": [
      {
        "package": "ARVideoKit",
        "repositoryURL": "https://github.com/AFathi/ARVideoKit",
        "state": {
          "branch": null,
          "revision": "8eabd3193125812439ac82dc81bf99dc79886722",
          "version": "1.6.0"
        }
      },
      {
        "package": "CSV.swift",
        "repositoryURL": "https://github.com/yaslab/CSV.swift",
        "state": {
          "branch": null,
          "revision": "81d2874c51db364d7e1d71b0d99018a294c87ac1",
          "version": "2.4.3"
        }
      },
      {
        "package": "EyeTrackKit",
        "repositoryURL": "git@github.com:ukitomato/EyeTrackKit.git",
        "state": {
          "branch": "master",
          "revision": "d40b9f3b12c512286c8a61108f16b4cded953ce0",
          "version": null
        }
      },
      {
        "package": "Resolver",
        "repositoryURL": "https://github.com/hmlongco/Resolver",
        "state": {
          "branch": null,
          "revision": "c15dcb6a826fd8ce2a36930e676ff9e888232fc9",
          "version": "1.2.1"
        }
      }
    ]
  },
  "version": 1
}
